// !$*UTF8*$!
{
	archiveVersion = 1;
	classes = {
	};
	objectVersion = 46;
	objects = {

/* Begin PBXBuildFile section */
		72A2421A19D1B14900F5A539 /* test.c in Sources */ = {isa = PBXBuildFile; fileRef = 72A2421919D1B14900F5A539 /* test.c */; };
		72A2421F19D1B3CD00F5A539 /* libbignum.dylib in Frameworks */ = {isa = PBXBuildFile; fileRef = 72A2420E19D1B10100F5A539 /* libbignum.dylib */; };
/* End PBXBuildFile section */

/* Begin PBXContainerItemProxy section */
		72A2420D19D1B10100F5A539 /* PBXContainerItemProxy */ = {
			isa = PBXContainerItemProxy;
			containerPortal = 72A2420919D1B0FB00F5A539 /* bignum.xcodeproj */;
			proxyType = 2;
			remoteGlobalIDString = 72A2420219D1B0FA00F5A539;
			remoteInfo = bignum;
		};
		72A2421D19D1B3A600F5A539 /* PBXContainerItemProxy */ = {
			isa = PBXContainerItemProxy;
			containerPortal = 72A2420919D1B0FB00F5A539 /* bignum.xcodeproj */;
			proxyType = 1;
			remoteGlobalIDString = 72A2420119D1B0FA00F5A539;
			remoteInfo = bignum;
		};
/* End PBXContainerItemProxy section */

/* Begin PBXCopyFilesBuildPhase section */
		72A241ED19D1B05C00F5A539 /* CopyFiles */ = {
			isa = PBXCopyFilesBuildPhase;
			buildActionMask = 2147483647;
			dstPath = /usr/share/man/man1/;
			dstSubfolderSpec = 0;
			files = (
			);
			runOnlyForDeploymentPostprocessing = 1;
		};
/* End PBXCopyFilesBuildPhase section */

/* Begin PBXFileReference section */
		72A241EF19D1B05E00F5A539 /* bignum_test */ = {isa = PBXFileReference; explicitFileType = "compiled.mach-o.executable"; includeInIndex = 0; path = bignum_test; sourceTree = BUILT_PRODUCTS_DIR; };
		72A2420919D1B0FB00F5A539 /* bignum.xcodeproj */ = {isa = PBXFileReference; lastKnownFileType = "wrapper.pb-project"; name = bignum.xcodeproj; path = bignum/bignum.xcodeproj; sourceTree = "<group>"; };
		72A2421919D1B14900F5A539 /* test.c */ = {isa = PBXFileReference; fileEncoding = 4; lastKnownFileType = sourcecode.c.c; name = test.c; path = ../../test.c; sourceTree = "<group>"; };
/* End PBXFileReference section */

/* Begin PBXFrameworksBuildPhase section */
		72A241EC19D1B05C00F5A539 /* Frameworks */ = {
			isa = PBXFrameworksBuildPhase;
			buildActionMask = 2147483647;
			files = (
				72A2421F19D1B3CD00F5A539 /* libbignum.dylib in Frameworks */,
			);
			runOnlyForDeploymentPostprocessing = 0;
		};
/* End PBXFrameworksBuildPhase section */

/* Begin PBXGroup section */
		72A241E619D1B05B00F5A539 = {
			isa = PBXGroup;
			children = (
				72A2420919D1B0FB00F5A539 /* bignum.xcodeproj */,
				72A241F119D1B05E00F5A539 /* bignum_test */,
				72A241F019D1B05E00F5A539 /* Products */,
			);
			sourceTree = "<group>";
		};
		72A241F019D1B05E00F5A539 /* Products */ = {
			isa = PBXGroup;
			children = (
				72A241EF19D1B05E00F5A539 /* bignum_test */,
			);
			name = Products;
			sourceTree = "<group>";
		};
		72A241F119D1B05E00F5A539 /* bignum_test */ = {
			isa = PBXGroup;
			children = (
				72A2421919D1B14900F5A539 /* test.c */,
			);
			path = bignum_test;
			sourceTree = "<group>";
		};
		72A2420A19D1B0FB00F5A539 /* Products */ = {
			isa = PBXGroup;
			children = (
				72A2420E19D1B10100F5A539 /* libbignum.dylib */,
			);
			name = Products;
			sourceTree = "<group>";
		};
/* End PBXGroup section */

/* Begin PBXNativeTarget section */
		72A241EE19D1B05C00F5A539 /* bignum_test */ = {
			isa = PBXNativeTarget;
			buildConfigurationList = 72A241F619D1B05F00F5A539 /* Build configuration list for PBXNativeTarget "bignum_test" */;
			buildPhases = (
				72A241EB19D1B05C00F5A539 /* Sources */,
				72A241EC19D1B05C00F5A539 /* Frameworks */,
				72A241ED19D1B05C00F5A539 /* CopyFiles */,
			);
			buildRules = (
			);
			dependencies = (
				72A2421E19D1B3A600F5A539 /* PBXTargetDependency */,
			);
			name = bignum_test;
			productName = bignum_test;
			productReference = 72A241EF19D1B05E00F5A539 /* bignum_test */;
			productType = "com.apple.product-type.tool";
		};
/* End PBXNativeTarget section */

/* Begin PBXProject section */
		72A241E719D1B05B00F5A539 /* Project object */ = {
			isa = PBXProject;
			attributes = {
				LastUpgradeCheck = 0600;
				ORGANIZATIONNAME = "Taylor Shin";
				TargetAttributes = {
					72A241EE19D1B05C00F5A539 = {
						CreatedOnToolsVersion = 6.0.1;
					};
				};
			};
			buildConfigurationList = 72A241EA19D1B05B00F5A539 /* Build configuration list for PBXProject "bignum_test" */;
			compatibilityVersion = "Xcode 3.2";
			developmentRegion = English;
			hasScannedForEncodings = 0;
			knownRegions = (
				en,
			);
			mainGroup = 72A241E619D1B05B00F5A539;
			productRefGroup = 72A241F019D1B05E00F5A539 /* Products */;
			projectDirPath = "";
			projectReferences = (
				{
					ProductGroup = 72A2420A19D1B0FB00F5A539 /* Products */;
					ProjectRef = 72A2420919D1B0FB00F5A539 /* bignum.xcodeproj */;
				},
			);
			projectRoot = "";
			targets = (
				72A241EE19D1B05C00F5A539 /* bignum_test */,
			);
		};
/* End PBXProject section */

/* Begin PBXReferenceProxy section */
		72A2420E19D1B10100F5A539 /* libbignum.dylib */ = {
			isa = PBXReferenceProxy;
			fileType = "compiled.mach-o.dylib";
			path = libbignum.dylib;
			remoteRef = 72A2420D19D1B10100F5A539 /* PBXContainerItemProxy */;
			sourceTree = BUILT_PRODUCTS_DIR;
		};
/* End PBXReferenceProxy section */

/* Begin PBXSourcesBuildPhase section */
		72A241EB19D1B05C00F5A539 /* Sources */ = {
			isa = PBXSourcesBuildPhase;
			buildActionMask = 2147483647;
			files = (
				72A2421A19D1B14900F5A539 /* test.c in Sources */,
			);
			runOnlyForDeploymentPostprocessing = 0;
		};
/* End PBXSourcesBuildPhase section */

/* Begin PBXTargetDependency section */
		72A2421E19D1B3A600F5A539 /* PBXTargetDependency */ = {
			isa = PBXTargetDependency;
			name = bignum;
			targetProxy = 72A2421D19D1B3A600F5A539 /* PBXContainerItemProxy */;
		};
/* End PBXTargetDependency section */

/* Begin XCBuildConfiguration section */
		72A241F419D1B05F00F5A539 /* Debug */ = {
			isa = XCBuildConfiguration;
			buildSettings = {
				ALWAYS_SEARCH_USER_PATHS = NO;
				CLANG_CXX_LANGUAGE_STANDARD = "gnu++0x";
				CLANG_CXX_LIBRARY = "libc++";
				CLANG_ENABLE_MODULES = YES;
				CLANG_ENABLE_OBJC_ARC = YES;
				CLANG_WARN_BOOL_CONVERSION = YES;
				CLANG_WARN_CONSTANT_CONVERSION = YES;
				CLANG_WARN_DIRECT_OBJC_ISA_USAGE = YES_ERROR;
				CLANG_WARN_EMPTY_BODY = YES;
				CLANG_WARN_ENUM_CONVERSION = YES;
				CLANG_WARN_INT_CONVERSION = YES;
				CLANG_WARN_OBJC_ROOT_CLASS = YES_ERROR;
				CLANG_WARN_UNREACHABLE_CODE = YES;
				CLANG_WARN__DUPLICATE_METHOD_MATCH = YES;
				COPY_PHASE_STRIP = NO;
				ENABLE_STRICT_OBJC_MSGSEND = YES;
				GCC_C_LANGUAGE_STANDARD = gnu99;
				GCC_DYNAMIC_NO_PIC = NO;
				GCC_OPTIMIZATION_LEVEL = 0;
				GCC_PREPROCESSOR_DEFINITIONS = (
					"DEBUG=1",
					"$(inherited)",
				);
				GCC_SYMBOLS_PRIVATE_EXTERN = NO;
				GCC_WARN_64_TO_32_BIT_CONVERSION = YES;
				GCC_WARN_ABOUT_RETURN_TYPE = YES_ERROR;
				GCC_WARN_UNDECLARED_SELECTOR = YES;
				GCC_WARN_UNINITIALIZED_AUTOS = YES_AGGRESSIVE;
				GCC_WARN_UNUSED_FUNCTION = YES;
				GCC_WARN_UNUSED_VARIABLE = YES;
				MACOSX_DEPLOYMENT_TARGET = 10.9;
				MTL_ENABLE_DEBUG_INFO = YES;
				ONLY_ACTIVE_ARCH = YES;
				SDKROOT = macosx;
			};
			name = Debug;
		};
		72A241F519D1B05F00F5A539 /* Release */ = {
			isa = XCBuildConfiguration;
			buildSettings = {
				ALWAYS_SEARCH_USER_PATHS = NO;
				CLANG_CXX_LANGUAGE_STANDARD = "gnu++0x";
				CLANG_CXX_LIBRARY = "libc++";
				CLANG_ENABLE_MODULES = YES;
				CLANG_ENABLE_OBJC_ARC = YES;
				CLANG_WARN_BOOL_CONVERSION = YES;
				CLANG_WARN_CONSTANT_CONVERSION = YES;
				CLANG_WARN_DIRECT_OBJC_ISA_USAGE = YES_ERROR;
				CLANG_WARN_EMPTY_BODY = YES;
				CLANG_WARN_ENUM_CONVERSION = YES;
				CLANG_WARN_INT_CONVERSION = YES;
				CLANG_WARN_OBJC_ROOT_CLASS = YES_ERROR;
				CLANG_WARN_UNREACHABLE_CODE = YES;
				CLANG_WARN__DUPLICATE_METHOD_MATCH = YES;
				COPY_PHASE_STRIP = YES;
				DEBUG_INFORMATION_FORMAT = "dwarf-with-dsym";
				ENABLE_NS_ASSERTIONS = NO;
				ENABLE_STRICT_OBJC_MSGSEND = YES;
				GCC_C_LANGUAGE_STANDARD = gnu99;
				GCC_WARN_64_TO_32_BIT_CONVERSION = YES;
				GCC_WARN_ABOUT_RETURN_TYPE = YES_ERROR;
				GCC_WARN_UNDECLARED_SELECTOR = YES;
				GCC_WARN_UNINITIALIZED_AUTOS = YES_AGGRESSIVE;
				GCC_WARN_UNUSED_FUNCTION = YES;
				GCC_WARN_UNUSED_VARIABLE = YES;
				MACOSX_DEPLOYMENT_TARGET = 10.9;
				MTL_ENABLE_DEBUG_INFO = NO;
				SDKROOT = macosx;
			};
			name = Release;
		};
		72A241F719D1B05F00F5A539 /* Debug */ = {
			isa = XCBuildConfiguration;
			buildSettings = {
				HEADER_SEARCH_PATHS = (
					"$(inherited)",
					/Applications/Xcode.app/Contents/Developer/Toolchains/XcodeDefault.xctoolchain/usr/include,
					../src,
				);
				PRODUCT_NAME = "$(TARGET_NAME)";
			};
			name = Debug;
		};
		72A241F819D1B05F00F5A539 /* Release */ = {
			isa = XCBuildConfiguration;
			buildSettings = {
				HEADER_SEARCH_PATHS = (
					"$(inherited)",
					/Applications/Xcode.app/Contents/Developer/Toolchains/XcodeDefault.xctoolchain/usr/include,
					../src,
				);
				PRODUCT_NAME = "$(TARGET_NAME)";
			};
			name = Release;
		};
/* End XCBuildConfiguration section */

/* Begin XCConfigurationList section */
		72A241EA19D1B05B00F5A539 /* Build configuration list for PBXProject "bignum_test" */ = {
			isa = XCConfigurationList;
			buildConfigurations = (
				72A241F419D1B05F00F5A539 /* Debug */,
				72A241F519D1B05F00F5A539 /* Release */,
			);
			defaultConfigurationIsVisible = 0;
			defaultConfigurationName = Release;
		};
		72A241F619D1B05F00F5A539 /* Build configuration list for PBXNativeTarget "bignum_test" */ = {
			isa = XCConfigurationList;
			buildConfigurations = (
				72A241F719D1B05F00F5A539 /* Debug */,
				72A241F819D1B05F00F5A539 /* Release */,
			);
			defaultConfigurationIsVisible = 0;
		};
/* End XCConfigurationList section */
	};
	rootObject = 72A241E719D1B05B00F5A539 /* Project object */;
}
