// !$*UTF8*$!
{
	archiveVersion = 1;
	classes = {
	};
	objectVersion = 46;
	objects = {

/* Begin PBXBuildFile section */
		72B9C06419AFCCB800E6D33A /* Cocoa.framework in Frameworks */ = {isa = PBXBuildFile; fileRef = 72B9C06319AFCCB800E6D33A /* Cocoa.framework */; };
		72B9C06E19AFCCB900E6D33A /* InfoPlist.strings in Resources */ = {isa = PBXBuildFile; fileRef = 72B9C06C19AFCCB900E6D33A /* InfoPlist.strings */; };
		72B9C07019AFCCB900E6D33A /* main.m in Sources */ = {isa = PBXBuildFile; fileRef = 72B9C06F19AFCCB900E6D33A /* main.m */; };
		72B9C07419AFCCB900E6D33A /* Credits.rtf in Resources */ = {isa = PBXBuildFile; fileRef = 72B9C07219AFCCB900E6D33A /* Credits.rtf */; };
		72B9C07719AFCCB900E6D33A /* AppDelegate.mm in Sources */ = {isa = PBXBuildFile; fileRef = 72B9C07619AFCCB900E6D33A /* AppDelegate.mm */; };
		72B9C07A19AFCCB900E6D33A /* MainMenu.xib in Resources */ = {isa = PBXBuildFile; fileRef = 72B9C07819AFCCB900E6D33A /* MainMenu.xib */; };
		72B9C07C19AFCCB900E6D33A /* Images.xcassets in Resources */ = {isa = PBXBuildFile; fileRef = 72B9C07B19AFCCB900E6D33A /* Images.xcassets */; };
		72B9C08319AFCCB900E6D33A /* XCTest.framework in Frameworks */ = {isa = PBXBuildFile; fileRef = 72B9C08219AFCCB900E6D33A /* XCTest.framework */; };
		72B9C08419AFCCB900E6D33A /* Cocoa.framework in Frameworks */ = {isa = PBXBuildFile; fileRef = 72B9C06319AFCCB800E6D33A /* Cocoa.framework */; };
		72B9C08C19AFCCB900E6D33A /* InfoPlist.strings in Resources */ = {isa = PBXBuildFile; fileRef = 72B9C08A19AFCCB900E6D33A /* InfoPlist.strings */; };
		72B9C08E19AFCCB900E6D33A /* BrownianOSXTests.m in Sources */ = {isa = PBXBuildFile; fileRef = 72B9C08D19AFCCB900E6D33A /* BrownianOSXTests.m */; };
/* End PBXBuildFile section */

/* Begin PBXContainerItemProxy section */
		72B9C08519AFCCB900E6D33A /* PBXContainerItemProxy */ = {
			isa = PBXContainerItemProxy;
			containerPortal = 72B9C05819AFCCB800E6D33A /* Project object */;
			proxyType = 1;
			remoteGlobalIDString = 72B9C05F19AFCCB800E6D33A;
			remoteInfo = BrownianOSX;
		};
		72B9C0AB19AFCD0200E6D33A /* PBXContainerItemProxy */ = {
			isa = PBXContainerItemProxy;
			containerPortal = 72B9C0A719AFCD0100E6D33A /* Physics.xcodeproj */;
			proxyType = 2;
			remoteGlobalIDString = 72B9C0A019AFCD0100E6D33A;
			remoteInfo = Physics;
		};
		72B9C0C319AFCD5B00E6D33A /* PBXContainerItemProxy */ = {
			isa = PBXContainerItemProxy;
			containerPortal = 72B9C0A719AFCD0100E6D33A /* Physics.xcodeproj */;
			proxyType = 1;
			remoteGlobalIDString = 72B9C09F19AFCD0100E6D33A;
			remoteInfo = Physics;
		};
/* End PBXContainerItemProxy section */

/* Begin PBXFileReference section */
		72B9C06019AFCCB800E6D33A /* BrownianOSX.app */ = {isa = PBXFileReference; explicitFileType = wrapper.application; includeInIndex = 0; path = BrownianOSX.app; sourceTree = BUILT_PRODUCTS_DIR; };
		72B9C06319AFCCB800E6D33A /* Cocoa.framework */ = {isa = PBXFileReference; lastKnownFileType = wrapper.framework; name = Cocoa.framework; path = System/Library/Frameworks/Cocoa.framework; sourceTree = SDKROOT; };
		72B9C06619AFCCB800E6D33A /* AppKit.framework */ = {isa = PBXFileReference; lastKnownFileType = wrapper.framework; name = AppKit.framework; path = System/Library/Frameworks/AppKit.framework; sourceTree = SDKROOT; };
		72B9C06719AFCCB800E6D33A /* CoreData.framework */ = {isa = PBXFileReference; lastKnownFileType = wrapper.framework; name = CoreData.framework; path = System/Library/Frameworks/CoreData.framework; sourceTree = SDKROOT; };
		72B9C06819AFCCB800E6D33A /* Foundation.framework */ = {isa = PBXFileReference; lastKnownFileType = wrapper.framework; name = Foundation.framework; path = System/Library/Frameworks/Foundation.framework; sourceTree = SDKROOT; };
		72B9C06B19AFCCB900E6D33A /* BrownianOSX-Info.plist */ = {isa = PBXFileReference; lastKnownFileType = text.plist.xml; path = "BrownianOSX-Info.plist"; sourceTree = "<group>"; };
		72B9C06D19AFCCB900E6D33A /* en */ = {isa = PBXFileReference; lastKnownFileType = text.plist.strings; name = en; path = en.lproj/InfoPlist.strings; sourceTree = "<group>"; };
		72B9C06F19AFCCB900E6D33A /* main.m */ = {isa = PBXFileReference; lastKnownFileType = sourcecode.c.objc; path = main.m; sourceTree = "<group>"; };
		72B9C07119AFCCB900E6D33A /* BrownianOSX-Prefix.pch */ = {isa = PBXFileReference; lastKnownFileType = sourcecode.c.h; path = "BrownianOSX-Prefix.pch"; sourceTree = "<group>"; };
		72B9C07319AFCCB900E6D33A /* en */ = {isa = PBXFileReference; lastKnownFileType = text.rtf; name = en; path = en.lproj/Credits.rtf; sourceTree = "<group>"; };
		72B9C07519AFCCB900E6D33A /* AppDelegate.h */ = {isa = PBXFileReference; lastKnownFileType = sourcecode.c.h; path = AppDelegate.h; sourceTree = "<group>"; };
		72B9C07619AFCCB900E6D33A /* AppDelegate.mm */ = {isa = PBXFileReference; lastKnownFileType = sourcecode.cpp.objcpp; path = AppDelegate.mm; sourceTree = "<group>"; };
		72B9C07919AFCCB900E6D33A /* Base */ = {isa = PBXFileReference; lastKnownFileType = file.xib; name = Base; path = Base.lproj/MainMenu.xib; sourceTree = "<group>"; };
		72B9C07B19AFCCB900E6D33A /* Images.xcassets */ = {isa = PBXFileReference; lastKnownFileType = folder.assetcatalog; path = Images.xcassets; sourceTree = "<group>"; };
		72B9C08119AFCCB900E6D33A /* BrownianOSXTests.xctest */ = {isa = PBXFileReference; explicitFileType = wrapper.cfbundle; includeInIndex = 0; path = BrownianOSXTests.xctest; sourceTree = BUILT_PRODUCTS_DIR; };
		72B9C08219AFCCB900E6D33A /* XCTest.framework */ = {isa = PBXFileReference; lastKnownFileType = wrapper.framework; name = XCTest.framework; path = Library/Frameworks/XCTest.framework; sourceTree = DEVELOPER_DIR; };
		72B9C08919AFCCB900E6D33A /* BrownianOSXTests-Info.plist */ = {isa = PBXFileReference; lastKnownFileType = text.plist.xml; path = "BrownianOSXTests-Info.plist"; sourceTree = "<group>"; };
		72B9C08B19AFCCB900E6D33A /* en */ = {isa = PBXFileReference; lastKnownFileType = text.plist.strings; name = en; path = en.lproj/InfoPlist.strings; sourceTree = "<group>"; };
		72B9C08D19AFCCB900E6D33A /* BrownianOSXTests.m */ = {isa = PBXFileReference; lastKnownFileType = sourcecode.c.objc; path = BrownianOSXTests.m; sourceTree = "<group>"; };
		72B9C0A719AFCD0100E6D33A /* Physics.xcodeproj */ = {isa = PBXFileReference; lastKnownFileType = "wrapper.pb-project"; name = Physics.xcodeproj; path = Physics/Physics.xcodeproj; sourceTree = "<group>"; };
/* End PBXFileReference section */

/* Begin PBXFrameworksBuildPhase section */
		72B9C05D19AFCCB800E6D33A /* Frameworks */ = {
			isa = PBXFrameworksBuildPhase;
			buildActionMask = 2147483647;
			files = (
				72B9C06419AFCCB800E6D33A /* Cocoa.framework in Frameworks */,
			);
			runOnlyForDeploymentPostprocessing = 0;
		};
		72B9C07E19AFCCB900E6D33A /* Frameworks */ = {
			isa = PBXFrameworksBuildPhase;
			buildActionMask = 2147483647;
			files = (
				72B9C08419AFCCB900E6D33A /* Cocoa.framework in Frameworks */,
				72B9C08319AFCCB900E6D33A /* XCTest.framework in Frameworks */,
			);
			runOnlyForDeploymentPostprocessing = 0;
		};
/* End PBXFrameworksBuildPhase section */

/* Begin PBXGroup section */
		72B9C05719AFCCB800E6D33A = {
			isa = PBXGroup;
			children = (
				72B9C0A719AFCD0100E6D33A /* Physics.xcodeproj */,
				72B9C06919AFCCB800E6D33A /* BrownianOSX */,
				72B9C08719AFCCB900E6D33A /* BrownianOSXTests */,
				72B9C06219AFCCB800E6D33A /* Frameworks */,
				72B9C06119AFCCB800E6D33A /* Products */,
			);
			sourceTree = "<group>";
		};
		72B9C06119AFCCB800E6D33A /* Products */ = {
			isa = PBXGroup;
			children = (
				72B9C06019AFCCB800E6D33A /* BrownianOSX.app */,
				72B9C08119AFCCB900E6D33A /* BrownianOSXTests.xctest */,
			);
			name = Products;
			sourceTree = "<group>";
		};
		72B9C06219AFCCB800E6D33A /* Frameworks */ = {
			isa = PBXGroup;
			children = (
				72B9C06319AFCCB800E6D33A /* Cocoa.framework */,
				72B9C08219AFCCB900E6D33A /* XCTest.framework */,
				72B9C06519AFCCB800E6D33A /* Other Frameworks */,
			);
			name = Frameworks;
			sourceTree = "<group>";
		};
		72B9C06519AFCCB800E6D33A /* Other Frameworks */ = {
			isa = PBXGroup;
			children = (
				72B9C06619AFCCB800E6D33A /* AppKit.framework */,
				72B9C06719AFCCB800E6D33A /* CoreData.framework */,
				72B9C06819AFCCB800E6D33A /* Foundation.framework */,
			);
			name = "Other Frameworks";
			sourceTree = "<group>";
		};
		72B9C06919AFCCB800E6D33A /* BrownianOSX */ = {
			isa = PBXGroup;
			children = (
				72B9C07519AFCCB900E6D33A /* AppDelegate.h */,
				72B9C07619AFCCB900E6D33A /* AppDelegate.mm */,
				72B9C07819AFCCB900E6D33A /* MainMenu.xib */,
				72B9C07B19AFCCB900E6D33A /* Images.xcassets */,
				72B9C06A19AFCCB900E6D33A /* Supporting Files */,
			);
			path = BrownianOSX;
			sourceTree = "<group>";
		};
		72B9C06A19AFCCB900E6D33A /* Supporting Files */ = {
			isa = PBXGroup;
			children = (
				72B9C06B19AFCCB900E6D33A /* BrownianOSX-Info.plist */,
				72B9C06C19AFCCB900E6D33A /* InfoPlist.strings */,
				72B9C06F19AFCCB900E6D33A /* main.m */,
				72B9C07119AFCCB900E6D33A /* BrownianOSX-Prefix.pch */,
				72B9C07219AFCCB900E6D33A /* Credits.rtf */,
			);
			name = "Supporting Files";
			sourceTree = "<group>";
		};
		72B9C08719AFCCB900E6D33A /* BrownianOSXTests */ = {
			isa = PBXGroup;
			children = (
				72B9C08D19AFCCB900E6D33A /* BrownianOSXTests.m */,
				72B9C08819AFCCB900E6D33A /* Supporting Files */,
			);
			path = BrownianOSXTests;
			sourceTree = "<group>";
		};
		72B9C08819AFCCB900E6D33A /* Supporting Files */ = {
			isa = PBXGroup;
			children = (
				72B9C08919AFCCB900E6D33A /* BrownianOSXTests-Info.plist */,
				72B9C08A19AFCCB900E6D33A /* InfoPlist.strings */,
			);
			name = "Supporting Files";
			sourceTree = "<group>";
		};
		72B9C0A819AFCD0100E6D33A /* Products */ = {
			isa = PBXGroup;
			children = (
				72B9C0AC19AFCD0200E6D33A /* libPhysics.dylib */,
			);
			name = Products;
			sourceTree = "<group>";
		};
/* End PBXGroup section */

/* Begin PBXNativeTarget section */
		72B9C05F19AFCCB800E6D33A /* BrownianOSX */ = {
			isa = PBXNativeTarget;
			buildConfigurationList = 72B9C09119AFCCB900E6D33A /* Build configuration list for PBXNativeTarget "BrownianOSX" */;
			buildPhases = (
				72B9C05C19AFCCB800E6D33A /* Sources */,
				72B9C05D19AFCCB800E6D33A /* Frameworks */,
				72B9C05E19AFCCB800E6D33A /* Resources */,
			);
			buildRules = (
			);
			dependencies = (
				72B9C0C419AFCD5B00E6D33A /* PBXTargetDependency */,
			);
			name = BrownianOSX;
			productName = BrownianOSX;
			productReference = 72B9C06019AFCCB800E6D33A /* BrownianOSX.app */;
			productType = "com.apple.product-type.application";
		};
		72B9C08019AFCCB900E6D33A /* BrownianOSXTests */ = {
			isa = PBXNativeTarget;
			buildConfigurationList = 72B9C09419AFCCB900E6D33A /* Build configuration list for PBXNativeTarget "BrownianOSXTests" */;
			buildPhases = (
				72B9C07D19AFCCB900E6D33A /* Sources */,
				72B9C07E19AFCCB900E6D33A /* Frameworks */,
				72B9C07F19AFCCB900E6D33A /* Resources */,
			);
			buildRules = (
			);
			dependencies = (
				72B9C08619AFCCB900E6D33A /* PBXTargetDependency */,
			);
			name = BrownianOSXTests;
			productName = BrownianOSXTests;
			productReference = 72B9C08119AFCCB900E6D33A /* BrownianOSXTests.xctest */;
			productType = "com.apple.product-type.bundle.unit-test";
		};
/* End PBXNativeTarget section */

/* Begin PBXProject section */
		72B9C05819AFCCB800E6D33A /* Project object */ = {
			isa = PBXProject;
			attributes = {
				LastUpgradeCheck = 0510;
				ORGANIZATIONNAME = "Taylor Shin";
				TargetAttributes = {
					72B9C08019AFCCB900E6D33A = {
						TestTargetID = 72B9C05F19AFCCB800E6D33A;
					};
				};
			};
			buildConfigurationList = 72B9C05B19AFCCB800E6D33A /* Build configuration list for PBXProject "BrownianOSX" */;
			compatibilityVersion = "Xcode 3.2";
			developmentRegion = English;
			hasScannedForEncodings = 0;
			knownRegions = (
				en,
				Base,
			);
			mainGroup = 72B9C05719AFCCB800E6D33A;
			productRefGroup = 72B9C06119AFCCB800E6D33A /* Products */;
			projectDirPath = "";
			projectReferences = (
				{
					ProductGroup = 72B9C0A819AFCD0100E6D33A /* Products */;
					ProjectRef = 72B9C0A719AFCD0100E6D33A /* Physics.xcodeproj */;
				},
			);
			projectRoot = "";
			targets = (
				72B9C05F19AFCCB800E6D33A /* BrownianOSX */,
				72B9C08019AFCCB900E6D33A /* BrownianOSXTests */,
			);
		};
/* End PBXProject section */

/* Begin PBXReferenceProxy section */
		72B9C0AC19AFCD0200E6D33A /* libPhysics.dylib */ = {
			isa = PBXReferenceProxy;
			fileType = "compiled.mach-o.dylib";
			path = libPhysics.dylib;
			remoteRef = 72B9C0AB19AFCD0200E6D33A /* PBXContainerItemProxy */;
			sourceTree = BUILT_PRODUCTS_DIR;
		};
/* End PBXReferenceProxy section */

/* Begin PBXResourcesBuildPhase section */
		72B9C05E19AFCCB800E6D33A /* Resources */ = {
			isa = PBXResourcesBuildPhase;
			buildActionMask = 2147483647;
			files = (
				72B9C06E19AFCCB900E6D33A /* InfoPlist.strings in Resources */,
				72B9C07C19AFCCB900E6D33A /* Images.xcassets in Resources */,
				72B9C07419AFCCB900E6D33A /* Credits.rtf in Resources */,
				72B9C07A19AFCCB900E6D33A /* MainMenu.xib in Resources */,
			);
			runOnlyForDeploymentPostprocessing = 0;
		};
		72B9C07F19AFCCB900E6D33A /* Resources */ = {
			isa = PBXResourcesBuildPhase;
			buildActionMask = 2147483647;
			files = (
				72B9C08C19AFCCB900E6D33A /* InfoPlist.strings in Resources */,
			);
			runOnlyForDeploymentPostprocessing = 0;
		};
/* End PBXResourcesBuildPhase section */

/* Begin PBXSourcesBuildPhase section */
		72B9C05C19AFCCB800E6D33A /* Sources */ = {
			isa = PBXSourcesBuildPhase;
			buildActionMask = 2147483647;
			files = (
				72B9C07719AFCCB900E6D33A /* AppDelegate.mm in Sources */,
				72B9C07019AFCCB900E6D33A /* main.m in Sources */,
			);
			runOnlyForDeploymentPostprocessing = 0;
		};
		72B9C07D19AFCCB900E6D33A /* Sources */ = {
			isa = PBXSourcesBuildPhase;
			buildActionMask = 2147483647;
			files = (
				72B9C08E19AFCCB900E6D33A /* BrownianOSXTests.m in Sources */,
			);
			runOnlyForDeploymentPostprocessing = 0;
		};
/* End PBXSourcesBuildPhase section */

/* Begin PBXTargetDependency section */
		72B9C08619AFCCB900E6D33A /* PBXTargetDependency */ = {
			isa = PBXTargetDependency;
			target = 72B9C05F19AFCCB800E6D33A /* BrownianOSX */;
			targetProxy = 72B9C08519AFCCB900E6D33A /* PBXContainerItemProxy */;
		};
		72B9C0C419AFCD5B00E6D33A /* PBXTargetDependency */ = {
			isa = PBXTargetDependency;
			name = Physics;
			targetProxy = 72B9C0C319AFCD5B00E6D33A /* PBXContainerItemProxy */;
		};
/* End PBXTargetDependency section */

/* Begin PBXVariantGroup section */
		72B9C06C19AFCCB900E6D33A /* InfoPlist.strings */ = {
			isa = PBXVariantGroup;
			children = (
				72B9C06D19AFCCB900E6D33A /* en */,
			);
			name = InfoPlist.strings;
			sourceTree = "<group>";
		};
		72B9C07219AFCCB900E6D33A /* Credits.rtf */ = {
			isa = PBXVariantGroup;
			children = (
				72B9C07319AFCCB900E6D33A /* en */,
			);
			name = Credits.rtf;
			sourceTree = "<group>";
		};
		72B9C07819AFCCB900E6D33A /* MainMenu.xib */ = {
			isa = PBXVariantGroup;
			children = (
				72B9C07919AFCCB900E6D33A /* Base */,
			);
			name = MainMenu.xib;
			sourceTree = "<group>";
		};
		72B9C08A19AFCCB900E6D33A /* InfoPlist.strings */ = {
			isa = PBXVariantGroup;
			children = (
				72B9C08B19AFCCB900E6D33A /* en */,
			);
			name = InfoPlist.strings;
			sourceTree = "<group>";
		};
/* End PBXVariantGroup section */

/* Begin XCBuildConfiguration section */
		72B9C08F19AFCCB900E6D33A /* Debug */ = {
			isa = XCBuildConfiguration;
			buildSettings = {
				ALWAYS_SEARCH_USER_PATHS = NO;
				CLANG_CXX_LANGUAGE_STANDARD = "gnu++0x";
				CLANG_CXX_LIBRARY = "libc++";
				CLANG_ENABLE_MODULES = YES;
				CLANG_ENABLE_OBJC_ARC = YES;
				CLANG_WARN_BOOL_CONVERSION = YES;
				CLANG_WARN_CONSTANT_CONVERSION = YES;
				CLANG_WARN_DIRECT_OBJC_ISA_USAGE = YES_ERROR;
				CLANG_WARN_EMPTY_BODY = YES;
				CLANG_WARN_ENUM_CONVERSION = YES;
				CLANG_WARN_INT_CONVERSION = YES;
				CLANG_WARN_OBJC_ROOT_CLASS = YES_ERROR;
				CLANG_WARN__DUPLICATE_METHOD_MATCH = YES;
				COPY_PHASE_STRIP = NO;
				GCC_C_LANGUAGE_STANDARD = gnu99;
				GCC_DYNAMIC_NO_PIC = NO;
				GCC_ENABLE_OBJC_EXCEPTIONS = YES;
				GCC_OPTIMIZATION_LEVEL = 0;
				GCC_PREPROCESSOR_DEFINITIONS = (
					"DEBUG=1",
					"$(inherited)",
				);
				GCC_SYMBOLS_PRIVATE_EXTERN = NO;
				GCC_WARN_64_TO_32_BIT_CONVERSION = YES;
				GCC_WARN_ABOUT_RETURN_TYPE = YES_ERROR;
				GCC_WARN_UNDECLARED_SELECTOR = YES;
				GCC_WARN_UNINITIALIZED_AUTOS = YES_AGGRESSIVE;
				GCC_WARN_UNUSED_FUNCTION = YES;
				GCC_WARN_UNUSED_VARIABLE = YES;
				MACOSX_DEPLOYMENT_TARGET = 10.9;
				ONLY_ACTIVE_ARCH = YES;
				SDKROOT = macosx;
			};
			name = Debug;
		};
		72B9C09019AFCCB900E6D33A /* Release */ = {
			isa = XCBuildConfiguration;
			buildSettings = {
				ALWAYS_SEARCH_USER_PATHS = NO;
				CLANG_CXX_LANGUAGE_STANDARD = "gnu++0x";
				CLANG_CXX_LIBRARY = "libc++";
				CLANG_ENABLE_MODULES = YES;
				CLANG_ENABLE_OBJC_ARC = YES;
				CLANG_WARN_BOOL_CONVERSION = YES;
				CLANG_WARN_CONSTANT_CONVERSION = YES;
				CLANG_WARN_DIRECT_OBJC_ISA_USAGE = YES_ERROR;
				CLANG_WARN_EMPTY_BODY = YES;
				CLANG_WARN_ENUM_CONVERSION = YES;
				CLANG_WARN_INT_CONVERSION = YES;
				CLANG_WARN_OBJC_ROOT_CLASS = YES_ERROR;
				CLANG_WARN__DUPLICATE_METHOD_MATCH = YES;
				COPY_PHASE_STRIP = YES;
				DEBUG_INFORMATION_FORMAT = "dwarf-with-dsym";
				ENABLE_NS_ASSERTIONS = NO;
				GCC_C_LANGUAGE_STANDARD = gnu99;
				GCC_ENABLE_OBJC_EXCEPTIONS = YES;
				GCC_WARN_64_TO_32_BIT_CONVERSION = YES;
				GCC_WARN_ABOUT_RETURN_TYPE = YES_ERROR;
				GCC_WARN_UNDECLARED_SELECTOR = YES;
				GCC_WARN_UNINITIALIZED_AUTOS = YES_AGGRESSIVE;
				GCC_WARN_UNUSED_FUNCTION = YES;
				GCC_WARN_UNUSED_VARIABLE = YES;
				MACOSX_DEPLOYMENT_TARGET = 10.9;
				SDKROOT = macosx;
			};
			name = Release;
		};
		72B9C09219AFCCB900E6D33A /* Debug */ = {
			isa = XCBuildConfiguration;
			buildSettings = {
				ASSETCATALOG_COMPILER_APPICON_NAME = AppIcon;
				COMBINE_HIDPI_IMAGES = YES;
				GCC_PRECOMPILE_PREFIX_HEADER = YES;
				GCC_PREFIX_HEADER = "BrownianOSX/BrownianOSX-Prefix.pch";
				INFOPLIST_FILE = "BrownianOSX/BrownianOSX-Info.plist";
				PRODUCT_NAME = "$(TARGET_NAME)";
				WRAPPER_EXTENSION = app;
			};
			name = Debug;
		};
		72B9C09319AFCCB900E6D33A /* Release */ = {
			isa = XCBuildConfiguration;
			buildSettings = {
				ASSETCATALOG_COMPILER_APPICON_NAME = AppIcon;
				COMBINE_HIDPI_IMAGES = YES;
				GCC_PRECOMPILE_PREFIX_HEADER = YES;
				GCC_PREFIX_HEADER = "BrownianOSX/BrownianOSX-Prefix.pch";
				INFOPLIST_FILE = "BrownianOSX/BrownianOSX-Info.plist";
				PRODUCT_NAME = "$(TARGET_NAME)";
				WRAPPER_EXTENSION = app;
			};
			name = Release;
		};
		72B9C09519AFCCB900E6D33A /* Debug */ = {
			isa = XCBuildConfiguration;
			buildSettings = {
				BUNDLE_LOADER = "$(BUILT_PRODUCTS_DIR)/BrownianOSX.app/Contents/MacOS/BrownianOSX";
				COMBINE_HIDPI_IMAGES = YES;
				FRAMEWORK_SEARCH_PATHS = (
					"$(DEVELOPER_FRAMEWORKS_DIR)",
					"$(inherited)",
				);
				GCC_PRECOMPILE_PREFIX_HEADER = YES;
				GCC_PREFIX_HEADER = "BrownianOSX/BrownianOSX-Prefix.pch";
				GCC_PREPROCESSOR_DEFINITIONS = (
					"DEBUG=1",
					"$(inherited)",
				);
				INFOPLIST_FILE = "BrownianOSXTests/BrownianOSXTests-Info.plist";
				PRODUCT_NAME = "$(TARGET_NAME)";
				TEST_HOST = "$(BUNDLE_LOADER)";
				WRAPPER_EXTENSION = xctest;
			};
			name = Debug;
		};
		72B9C09619AFCCB900E6D33A /* Release */ = {
			isa = XCBuildConfiguration;
			buildSettings = {
				BUNDLE_LOADER = "$(BUILT_PRODUCTS_DIR)/BrownianOSX.app/Contents/MacOS/BrownianOSX";
				COMBINE_HIDPI_IMAGES = YES;
				FRAMEWORK_SEARCH_PATHS = (
					"$(DEVELOPER_FRAMEWORKS_DIR)",
					"$(inherited)",
				);
				GCC_PRECOMPILE_PREFIX_HEADER = YES;
				GCC_PREFIX_HEADER = "BrownianOSX/BrownianOSX-Prefix.pch";
				INFOPLIST_FILE = "BrownianOSXTests/BrownianOSXTests-Info.plist";
				PRODUCT_NAME = "$(TARGET_NAME)";
				TEST_HOST = "$(BUNDLE_LOADER)";
				WRAPPER_EXTENSION = xctest;
			};
			name = Release;
		};
/* End XCBuildConfiguration section */

/* Begin XCConfigurationList section */
		72B9C05B19AFCCB800E6D33A /* Build configuration list for PBXProject "BrownianOSX" */ = {
			isa = XCConfigurationList;
			buildConfigurations = (
				72B9C08F19AFCCB900E6D33A /* Debug */,
				72B9C09019AFCCB900E6D33A /* Release */,
			);
			defaultConfigurationIsVisible = 0;
			defaultConfigurationName = Release;
		};
		72B9C09119AFCCB900E6D33A /* Build configuration list for PBXNativeTarget "BrownianOSX" */ = {
			isa = XCConfigurationList;
			buildConfigurations = (
				72B9C09219AFCCB900E6D33A /* Debug */,
				72B9C09319AFCCB900E6D33A /* Release */,
			);
			defaultConfigurationIsVisible = 0;
			defaultConfigurationName = Release;
		};
		72B9C09419AFCCB900E6D33A /* Build configuration list for PBXNativeTarget "BrownianOSXTests" */ = {
			isa = XCConfigurationList;
			buildConfigurations = (
				72B9C09519AFCCB900E6D33A /* Debug */,
				72B9C09619AFCCB900E6D33A /* Release */,
			);
			defaultConfigurationIsVisible = 0;
			defaultConfigurationName = Release;
		};
/* End XCConfigurationList section */
	};
	rootObject = 72B9C05819AFCCB800E6D33A /* Project object */;
}
